
Microsoft Visual Studio Solution File, Format Version 12.00
# Visual Studio 15
VisualStudioVersion = 15.0.27130.2036
MinimumVisualStudioVersion = 10.0.40219.1
Project("{FAE04EC0-301F-11D3-BF4B-00C04F79EFBC}") = "UMRPublic", "UMRPublic\UMRPublic.csproj", "{E384E39E-E0BD-432B-B812-C0282B186DC8}"
EndProject
Project("{FAE04EC0-301F-11D3-BF4B-00C04F79EFBC}") = "Mock", "Mock\Mock.csproj", "{C6551F51-93C1-4B4B-997E-133388B02899}"
EndProject
Project("{FAE04EC0-301F-11D3-BF4B-00C04F79EFBC}") = "UMRPublicSPA", "UMRPublicSPA\UMRPublicSPA.csproj", "{FF215692-836A-43C2-998A-862D74C84478}"
EndProject
Project("{F184B08F-C81C-45F6-A57F-5ABD9991F28F}") = "DocumentationPJ", "DocumentationPJ\DocumentationPJ.vbproj", "{ECAAB9A5-1F5B-484D-84F4-81C67CF31BF2}"
EndProject
Project("{FAE04EC0-301F-11D3-BF4B-00C04F79EFBC}") = "UMRPublicAPI.AuthorizationServer", "UMRPublicAPI.AuthorizationServer\UMRPublicAPI.AuthorizationServer.csproj", "{D1E59F22-BB8E-400E-B1E3-B566BFE03422}"
EndProject
Project("{FAE04EC0-301F-11D3-BF4B-00C04F79EFBC}") = "UMRPublicBO", "UMRPublicBO\UMRPublicBO.csproj", "{6EB8EEA8-427D-49C4-B078-6DA6C5020720}"
EndProject
Project("{FAE04EC0-301F-11D3-BF4B-00C04F79EFBC}") = "UMRPublicAPI", "UMRPublicAPI\UMRPublicAPI.csproj", "{226AF594-1722-49FF-AE3B-87C984F0AFC9}"
EndProject
Project("{00D1A9C2-B5F0-4AF3-8072-F6C62B433612}") = "UMRJobsDB", "UMRJobsDB\UMRJobsDB.sqlproj", "{625ED69D-EBCF-4C5C-B122-91563D3898F5}"
EndProject
Global
	GlobalSection(SolutionConfigurationPlatforms) = preSolution
		Debug|Any CPU = Debug|Any CPU
		Release|Any CPU = Release|Any CPU
	EndGlobalSection
	GlobalSection(ProjectConfigurationPlatforms) = postSolution
		{E384E39E-E0BD-432B-B812-C0282B186DC8}.Debug|Any CPU.ActiveCfg = Debug|Any CPU
		{E384E39E-E0BD-432B-B812-C0282B186DC8}.Debug|Any CPU.Build.0 = Debug|Any CPU
		{E384E39E-E0BD-432B-B812-C0282B186DC8}.Release|Any CPU.ActiveCfg = Release|Any CPU
		{E384E39E-E0BD-432B-B812-C0282B186DC8}.Release|Any CPU.Build.0 = Release|Any CPU
		{C6551F51-93C1-4B4B-997E-133388B02899}.Debug|Any CPU.ActiveCfg = Debug|Any CPU
		{C6551F51-93C1-4B4B-997E-133388B02899}.Release|Any CPU.ActiveCfg = Release|Any CPU
		{FF215692-836A-43C2-998A-862D74C84478}.Debug|Any CPU.ActiveCfg = Debug|Any CPU
		{FF215692-836A-43C2-998A-862D74C84478}.Release|Any CPU.ActiveCfg = Release|Any CPU
		{ECAAB9A5-1F5B-484D-84F4-81C67CF31BF2}.Debug|Any CPU.ActiveCfg = Debug|Any CPU
		{ECAAB9A5-1F5B-484D-84F4-81C67CF31BF2}.Debug|Any CPU.Build.0 = Debug|Any CPU
		{ECAAB9A5-1F5B-484D-84F4-81C67CF31BF2}.Release|Any CPU.ActiveCfg = Release|Any CPU
		{ECAAB9A5-1F5B-484D-84F4-81C67CF31BF2}.Release|Any CPU.Build.0 = Release|Any CPU
		{D1E59F22-BB8E-400E-B1E3-B566BFE03422}.Debug|Any CPU.ActiveCfg = Debug|Any CPU
		{D1E59F22-BB8E-400E-B1E3-B566BFE03422}.Debug|Any CPU.Build.0 = Debug|Any CPU
		{D1E59F22-BB8E-400E-B1E3-B566BFE03422}.Release|Any CPU.ActiveCfg = Release|Any CPU
		{D1E59F22-BB8E-400E-B1E3-B566BFE03422}.Release|Any CPU.Build.0 = Release|Any CPU
		{6EB8EEA8-427D-49C4-B078-6DA6C5020720}.Debug|Any CPU.ActiveCfg = Debug|Any CPU
		{6EB8EEA8-427D-49C4-B078-6DA6C5020720}.Debug|Any CPU.Build.0 = Debug|Any CPU
		{6EB8EEA8-427D-49C4-B078-6DA6C5020720}.Release|Any CPU.ActiveCfg = Release|Any CPU
		{6EB8EEA8-427D-49C4-B078-6DA6C5020720}.Release|Any CPU.Build.0 = Release|Any CPU
		{226AF594-1722-49FF-AE3B-87C984F0AFC9}.Debug|Any CPU.ActiveCfg = Debug|Any CPU
		{226AF594-1722-49FF-AE3B-87C984F0AFC9}.Debug|Any CPU.Build.0 = Debug|Any CPU
		{226AF594-1722-49FF-AE3B-87C984F0AFC9}.Release|Any CPU.ActiveCfg = Release|Any CPU
		{226AF594-1722-49FF-AE3B-87C984F0AFC9}.Release|Any CPU.Build.0 = Release|Any CPU
		{625ED69D-EBCF-4C5C-B122-91563D3898F5}.Debug|Any CPU.ActiveCfg = Debug|Any CPU
		{625ED69D-EBCF-4C5C-B122-91563D3898F5}.Release|Any CPU.ActiveCfg = Release|Any CPU
		{625ED69D-EBCF-4C5C-B122-91563D3898F5}.Release|Any CPU.Build.0 = Release|Any CPU
		{625ED69D-EBCF-4C5C-B122-91563D3898F5}.Release|Any CPU.Deploy.0 = Release|Any CPU
	EndGlobalSection
	GlobalSection(SolutionProperties) = preSolution
		HideSolutionNode = FALSE
	EndGlobalSection
	GlobalSection(ExtensibilityGlobals) = postSolution
		SolutionGuid = {2DF05E7F-B9E1-42CB-B2EA-9204208BA125}
	EndGlobalSection
	GlobalSection(TeamFoundationVersionControl) = preSolution
		SccNumberOfProjects = 9
		SccEnterpriseProvider = {4CA58AB2-18FA-4F8D-95D4-32DDF27D184C}
		SccTeamFoundationServer = http://spike:8080/tfs/defaultcollection
		SccLocalPath0 = .
		SccProjectUniqueName1 = UMRPublic\\UMRPublic.csproj
		SccProjectName1 = UMRPublic
		SccLocalPath1 = UMRPublic
		SccProjectUniqueName2 = Mock\\Mock.csproj
		SccProjectName2 = Mock
		SccLocalPath2 = Mock
		SccProjectUniqueName3 = UMRPublicSPA\\UMRPublicSPA.csproj
		SccProjectName3 = UMRPublicSPA
		SccLocalPath3 = UMRPublicSPA
		SccProjectUniqueName4 = DocumentationPJ\\DocumentationPJ.vbproj
		SccProjectName4 = DocumentationPJ
		SccLocalPath4 = DocumentationPJ
		SccProjectUniqueName5 = UMRPublicAPI.AuthorizationServer\\UMRPublicAPI.AuthorizationServer.csproj
		SccProjectName5 = UMRPublicAPI.AuthorizationServer
		SccLocalPath5 = UMRPublicAPI.AuthorizationServer
		SccProjectUniqueName6 = UMRPublicBO\\UMRPublicBO.csproj
		SccProjectName6 = UMRPublicBO
		SccLocalPath6 = UMRPublicBO
		SccProjectUniqueName7 = UMRPublicAPI\\UMRPublicAPI.csproj
		SccProjectName7 = UMRPublicAPI
		SccLocalPath7 = UMRPublicAPI
		SccProjectUniqueName8 = UMRJobsDB\\UMRJobsDB.sqlproj
		SccProjectName8 = UMRJobsDB
		SccLocalPath8 = UMRJobsDB
	EndGlobalSection
EndGlobal
